// !$*UTF8*$!
{
	archiveVersion = 1;
	classes = {
	};
	objectVersion = 51;
	objects = {

/* Begin PBXBuildFile section */
		6A0A6E2A25EA1DED004B122E /* MovieDetailsViewController.swift in Sources */ = {isa = PBXBuildFile; fileRef = 6A0A6E2925EA1DED004B122E /* MovieDetailsViewController.swift */; };
		6A8B68D425E18AD8009AE8EB /* AppDelegate.swift in Sources */ = {isa = PBXBuildFile; fileRef = 6A8B68D325E18AD8009AE8EB /* AppDelegate.swift */; };
		6A8B68D625E18AD8009AE8EB /* SceneDelegate.swift in Sources */ = {isa = PBXBuildFile; fileRef = 6A8B68D525E18AD8009AE8EB /* SceneDelegate.swift */; };
		6A8B68DB25E18AD8009AE8EB /* Main.storyboard in Resources */ = {isa = PBXBuildFile; fileRef = 6A8B68D925E18AD8009AE8EB /* Main.storyboard */; };
		6A8B68DD25E18ADA009AE8EB /* Assets.xcassets in Resources */ = {isa = PBXBuildFile; fileRef = 6A8B68DC25E18ADA009AE8EB /* Assets.xcassets */; };
		6A8B68E025E18ADA009AE8EB /* LaunchScreen.storyboard in Resources */ = {isa = PBXBuildFile; fileRef = 6A8B68DE25E18ADA009AE8EB /* LaunchScreen.storyboard */; };
		6A8B68EB25E18ADA009AE8EB /* FlixTests.swift in Sources */ = {isa = PBXBuildFile; fileRef = 6A8B68EA25E18ADA009AE8EB /* FlixTests.swift */; };
		6A8B68F625E18ADA009AE8EB /* FlixUITests.swift in Sources */ = {isa = PBXBuildFile; fileRef = 6A8B68F525E18ADA009AE8EB /* FlixUITests.swift */; };
		6A8B690725E18B1B009AE8EB /* MoviesViewController.swift in Sources */ = {isa = PBXBuildFile; fileRef = 6A8B690625E18B1B009AE8EB /* MoviesViewController.swift */; };
		6A8B690F25E1A57E009AE8EB /* MovieCell.swift in Sources */ = {isa = PBXBuildFile; fileRef = 6A8B690E25E1A57E009AE8EB /* MovieCell.swift */; };
		9B53446F94DEF7E37041F25F /* Pods_FlixTests.framework in Frameworks */ = {isa = PBXBuildFile; fileRef = 881E3BD13882F0D5875B86D3 /* Pods_FlixTests.framework */; };
		EA48A5EF6D4860A76A8446CA /* Pods_Flix.framework in Frameworks */ = {isa = PBXBuildFile; fileRef = A1F17146FBE43FFAC92A61F0 /* Pods_Flix.framework */; };
		EEDE7A0A80DB5A6CC51468D9 /* Pods_Flix_FlixUITests.framework in Frameworks */ = {isa = PBXBuildFile; fileRef = 1A0D75C4A34FFD71BA451096 /* Pods_Flix_FlixUITests.framework */; };
/* End PBXBuildFile section */

/* Begin PBXContainerItemProxy section */
		6A8B68E725E18ADA009AE8EB /* PBXContainerItemProxy */ = {
			isa = PBXContainerItemProxy;
			containerPortal = 6A8B68C825E18AD8009AE8EB /* Project object */;
			proxyType = 1;
			remoteGlobalIDString = 6A8B68CF25E18AD8009AE8EB;
			remoteInfo = Flix;
		};
		6A8B68F225E18ADA009AE8EB /* PBXContainerItemProxy */ = {
			isa = PBXContainerItemProxy;
			containerPortal = 6A8B68C825E18AD8009AE8EB /* Project object */;
			proxyType = 1;
			remoteGlobalIDString = 6A8B68CF25E18AD8009AE8EB;
			remoteInfo = Flix;
		};
/* End PBXContainerItemProxy section */

/* Begin PBXFileReference section */
		1A0D75C4A34FFD71BA451096 /* Pods_Flix_FlixUITests.framework */ = {isa = PBXFileReference; explicitFileType = wrapper.framework; includeInIndex = 0; path = Pods_Flix_FlixUITests.framework; sourceTree = BUILT_PRODUCTS_DIR; };
		354477FA2592958C92695D1D /* Pods-Flix.debug.xcconfig */ = {isa = PBXFileReference; includeInIndex = 1; lastKnownFileType = text.xcconfig; name = "Pods-Flix.debug.xcconfig"; path = "Target Support Files/Pods-Flix/Pods-Flix.debug.xcconfig"; sourceTree = "<group>"; };
		6A0A6E2925EA1DED004B122E /* MovieDetailsViewController.swift */ = {isa = PBXFileReference; lastKnownFileType = sourcecode.swift; path = MovieDetailsViewController.swift; sourceTree = "<group>"; };
		6A8B68D025E18AD8009AE8EB /* Flix.app */ = {isa = PBXFileReference; explicitFileType = wrapper.application; includeInIndex = 0; path = Flix.app; sourceTree = BUILT_PRODUCTS_DIR; };
		6A8B68D325E18AD8009AE8EB /* AppDelegate.swift */ = {isa = PBXFileReference; lastKnownFileType = sourcecode.swift; path = AppDelegate.swift; sourceTree = "<group>"; };
		6A8B68D525E18AD8009AE8EB /* SceneDelegate.swift */ = {isa = PBXFileReference; lastKnownFileType = sourcecode.swift; path = SceneDelegate.swift; sourceTree = "<group>"; };
		6A8B68DA25E18AD8009AE8EB /* Base */ = {isa = PBXFileReference; lastKnownFileType = file.storyboard; name = Base; path = Base.lproj/Main.storyboard; sourceTree = "<group>"; };
		6A8B68DC25E18ADA009AE8EB /* Assets.xcassets */ = {isa = PBXFileReference; lastKnownFileType = folder.assetcatalog; path = Assets.xcassets; sourceTree = "<group>"; };
		6A8B68DF25E18ADA009AE8EB /* Base */ = {isa = PBXFileReference; lastKnownFileType = file.storyboard; name = Base; path = Base.lproj/LaunchScreen.storyboard; sourceTree = "<group>"; };
		6A8B68E125E18ADA009AE8EB /* Info.plist */ = {isa = PBXFileReference; lastKnownFileType = text.plist.xml; path = Info.plist; sourceTree = "<group>"; };
		6A8B68E625E18ADA009AE8EB /* FlixTests.xctest */ = {isa = PBXFileReference; explicitFileType = wrapper.cfbundle; includeInIndex = 0; path = FlixTests.xctest; sourceTree = BUILT_PRODUCTS_DIR; };
		6A8B68EA25E18ADA009AE8EB /* FlixTests.swift */ = {isa = PBXFileReference; lastKnownFileType = sourcecode.swift; path = FlixTests.swift; sourceTree = "<group>"; };
		6A8B68EC25E18ADA009AE8EB /* Info.plist */ = {isa = PBXFileReference; lastKnownFileType = text.plist.xml; path = Info.plist; sourceTree = "<group>"; };
		6A8B68F125E18ADA009AE8EB /* FlixUITests.xctest */ = {isa = PBXFileReference; explicitFileType = wrapper.cfbundle; includeInIndex = 0; path = FlixUITests.xctest; sourceTree = BUILT_PRODUCTS_DIR; };
		6A8B68F525E18ADA009AE8EB /* FlixUITests.swift */ = {isa = PBXFileReference; lastKnownFileType = sourcecode.swift; path = FlixUITests.swift; sourceTree = "<group>"; };
		6A8B68F725E18ADA009AE8EB /* Info.plist */ = {isa = PBXFileReference; lastKnownFileType = text.plist.xml; path = Info.plist; sourceTree = "<group>"; };
		6A8B690625E18B1B009AE8EB /* MoviesViewController.swift */ = {isa = PBXFileReference; lastKnownFileType = sourcecode.swift; path = MoviesViewController.swift; sourceTree = "<group>"; };
		6A8B690E25E1A57E009AE8EB /* MovieCell.swift */ = {isa = PBXFileReference; lastKnownFileType = sourcecode.swift; path = MovieCell.swift; sourceTree = "<group>"; };
		750C6EF8710156AE24CDFB22 /* Pods-FlixTests.debug.xcconfig */ = {isa = PBXFileReference; includeInIndex = 1; lastKnownFileType = text.xcconfig; name = "Pods-FlixTests.debug.xcconfig"; path = "Target Support Files/Pods-FlixTests/Pods-FlixTests.debug.xcconfig"; sourceTree = "<group>"; };
		881E3BD13882F0D5875B86D3 /* Pods_FlixTests.framework */ = {isa = PBXFileReference; explicitFileType = wrapper.framework; includeInIndex = 0; path = Pods_FlixTests.framework; sourceTree = BUILT_PRODUCTS_DIR; };
		8F8612C590B9DDBB9E1B7489 /* Pods-FlixTests.release.xcconfig */ = {isa = PBXFileReference; includeInIndex = 1; lastKnownFileType = text.xcconfig; name = "Pods-FlixTests.release.xcconfig"; path = "Target Support Files/Pods-FlixTests/Pods-FlixTests.release.xcconfig"; sourceTree = "<group>"; };
		9AC9BB79077159735B358072 /* Pods-Flix.release.xcconfig */ = {isa = PBXFileReference; includeInIndex = 1; lastKnownFileType = text.xcconfig; name = "Pods-Flix.release.xcconfig"; path = "Target Support Files/Pods-Flix/Pods-Flix.release.xcconfig"; sourceTree = "<group>"; };
		A1F17146FBE43FFAC92A61F0 /* Pods_Flix.framework */ = {isa = PBXFileReference; explicitFileType = wrapper.framework; includeInIndex = 0; path = Pods_Flix.framework; sourceTree = BUILT_PRODUCTS_DIR; };
		D38F2A3CE632ED4A281ED116 /* Pods-Flix-FlixUITests.release.xcconfig */ = {isa = PBXFileReference; includeInIndex = 1; lastKnownFileType = text.xcconfig; name = "Pods-Flix-FlixUITests.release.xcconfig"; path = "Target Support Files/Pods-Flix-FlixUITests/Pods-Flix-FlixUITests.release.xcconfig"; sourceTree = "<group>"; };
		E1E06BA44759E1D0F8B67C08 /* Pods-Flix-FlixUITests.debug.xcconfig */ = {isa = PBXFileReference; includeInIndex = 1; lastKnownFileType = text.xcconfig; name = "Pods-Flix-FlixUITests.debug.xcconfig"; path = "Target Support Files/Pods-Flix-FlixUITests/Pods-Flix-FlixUITests.debug.xcconfig"; sourceTree = "<group>"; };
/* End PBXFileReference section */

/* Begin PBXFrameworksBuildPhase section */
		6A8B68CD25E18AD8009AE8EB /* Frameworks */ = {
			isa = PBXFrameworksBuildPhase;
			buildActionMask = 2147483647;
			files = (
				EA48A5EF6D4860A76A8446CA /* Pods_Flix.framework in Frameworks */,
			);
			runOnlyForDeploymentPostprocessing = 0;
		};
		6A8B68E325E18ADA009AE8EB /* Frameworks */ = {
			isa = PBXFrameworksBuildPhase;
			buildActionMask = 2147483647;
			files = (
				9B53446F94DEF7E37041F25F /* Pods_FlixTests.framework in Frameworks */,
			);
			runOnlyForDeploymentPostprocessing = 0;
		};
		6A8B68EE25E18ADA009AE8EB /* Frameworks */ = {
			isa = PBXFrameworksBuildPhase;
			buildActionMask = 2147483647;
			files = (
				EEDE7A0A80DB5A6CC51468D9 /* Pods_Flix_FlixUITests.framework in Frameworks */,
			);
			runOnlyForDeploymentPostprocessing = 0;
		};
/* End PBXFrameworksBuildPhase section */

/* Begin PBXGroup section */
		15D605315196061F652887AA /* Pods */ = {
			isa = PBXGroup;
			children = (
				354477FA2592958C92695D1D /* Pods-Flix.debug.xcconfig */,
				9AC9BB79077159735B358072 /* Pods-Flix.release.xcconfig */,
				E1E06BA44759E1D0F8B67C08 /* Pods-Flix-FlixUITests.debug.xcconfig */,
				D38F2A3CE632ED4A281ED116 /* Pods-Flix-FlixUITests.release.xcconfig */,
				750C6EF8710156AE24CDFB22 /* Pods-FlixTests.debug.xcconfig */,
				8F8612C590B9DDBB9E1B7489 /* Pods-FlixTests.release.xcconfig */,
			);
			path = Pods;
			sourceTree = "<group>";
		};
		6A8B68C725E18AD8009AE8EB = {
			isa = PBXGroup;
			children = (
				6A8B68D225E18AD8009AE8EB /* Flix */,
				6A8B68E925E18ADA009AE8EB /* FlixTests */,
				6A8B68F425E18ADA009AE8EB /* FlixUITests */,
				6A8B68D125E18AD8009AE8EB /* Products */,
				15D605315196061F652887AA /* Pods */,
				D7D3127BE67864CA0DE475A3 /* Frameworks */,
			);
			sourceTree = "<group>";
		};
		6A8B68D125E18AD8009AE8EB /* Products */ = {
			isa = PBXGroup;
			children = (
				6A8B68D025E18AD8009AE8EB /* Flix.app */,
				6A8B68E625E18ADA009AE8EB /* FlixTests.xctest */,
				6A8B68F125E18ADA009AE8EB /* FlixUITests.xctest */,
			);
			name = Products;
			sourceTree = "<group>";
		};
		6A8B68D225E18AD8009AE8EB /* Flix */ = {
			isa = PBXGroup;
			children = (
				6A8B68D325E18AD8009AE8EB /* AppDelegate.swift */,
				6A8B68D525E18AD8009AE8EB /* SceneDelegate.swift */,
				6A8B68D925E18AD8009AE8EB /* Main.storyboard */,
				6A8B68DC25E18ADA009AE8EB /* Assets.xcassets */,
				6A8B68DE25E18ADA009AE8EB /* LaunchScreen.storyboard */,
				6A8B68E125E18ADA009AE8EB /* Info.plist */,
				6A8B690625E18B1B009AE8EB /* MoviesViewController.swift */,
				6A8B690E25E1A57E009AE8EB /* MovieCell.swift */,
				6A0A6E2925EA1DED004B122E /* MovieDetailsViewController.swift */,
			);
			path = Flix;
			sourceTree = "<group>";
		};
		6A8B68E925E18ADA009AE8EB /* FlixTests */ = {
			isa = PBXGroup;
			children = (
				6A8B68EA25E18ADA009AE8EB /* FlixTests.swift */,
				6A8B68EC25E18ADA009AE8EB /* Info.plist */,
			);
			path = FlixTests;
			sourceTree = "<group>";
		};
		6A8B68F425E18ADA009AE8EB /* FlixUITests */ = {
			isa = PBXGroup;
			children = (
				6A8B68F525E18ADA009AE8EB /* FlixUITests.swift */,
				6A8B68F725E18ADA009AE8EB /* Info.plist */,
			);
			path = FlixUITests;
			sourceTree = "<group>";
		};
		D7D3127BE67864CA0DE475A3 /* Frameworks */ = {
			isa = PBXGroup;
			children = (
				A1F17146FBE43FFAC92A61F0 /* Pods_Flix.framework */,
				1A0D75C4A34FFD71BA451096 /* Pods_Flix_FlixUITests.framework */,
				881E3BD13882F0D5875B86D3 /* Pods_FlixTests.framework */,
			);
			name = Frameworks;
			sourceTree = "<group>";
		};
/* End PBXGroup section */

/* Begin PBXNativeTarget section */
		6A8B68CF25E18AD8009AE8EB /* Flix */ = {
			isa = PBXNativeTarget;
			buildConfigurationList = 6A8B68FA25E18ADA009AE8EB /* Build configuration list for PBXNativeTarget "Flix" */;
			buildPhases = (
				7BA0B94689A02BBB11480CBD /* [CP] Check Pods Manifest.lock */,
				6A8B68CC25E18AD8009AE8EB /* Sources */,
				6A8B68CD25E18AD8009AE8EB /* Frameworks */,
				6A8B68CE25E18AD8009AE8EB /* Resources */,
				5ECAAA2F9E3AEC4A1E7E57D9 /* [CP] Embed Pods Frameworks */,
			);
			buildRules = (
			);
			dependencies = (
			);
			name = Flix;
			productName = Flix;
			productReference = 6A8B68D025E18AD8009AE8EB /* Flix.app */;
			productType = "com.apple.product-type.application";
		};
		6A8B68E525E18ADA009AE8EB /* FlixTests */ = {
			isa = PBXNativeTarget;
			buildConfigurationList = 6A8B68FD25E18ADA009AE8EB /* Build configuration list for PBXNativeTarget "FlixTests" */;
			buildPhases = (
				F1D7F3D0FF0A954CB41E3AA1 /* [CP] Check Pods Manifest.lock */,
				6A8B68E225E18ADA009AE8EB /* Sources */,
				6A8B68E325E18ADA009AE8EB /* Frameworks */,
				6A8B68E425E18ADA009AE8EB /* Resources */,
			);
			buildRules = (
			);
			dependencies = (
				6A8B68E825E18ADA009AE8EB /* PBXTargetDependency */,
			);
			name = FlixTests;
			productName = FlixTests;
			productReference = 6A8B68E625E18ADA009AE8EB /* FlixTests.xctest */;
			productType = "com.apple.product-type.bundle.unit-test";
		};
		6A8B68F025E18ADA009AE8EB /* FlixUITests */ = {
			isa = PBXNativeTarget;
			buildConfigurationList = 6A8B690025E18ADA009AE8EB /* Build configuration list for PBXNativeTarget "FlixUITests" */;
			buildPhases = (
				44D730B12EE0AEE4038411E1 /* [CP] Check Pods Manifest.lock */,
				6A8B68ED25E18ADA009AE8EB /* Sources */,
				6A8B68EE25E18ADA009AE8EB /* Frameworks */,
				6A8B68EF25E18ADA009AE8EB /* Resources */,
				6AD90938C22674687E0150DA /* [CP] Embed Pods Frameworks */,
			);
			buildRules = (
			);
			dependencies = (
				6A8B68F325E18ADA009AE8EB /* PBXTargetDependency */,
			);
			name = FlixUITests;
			productName = FlixUITests;
			productReference = 6A8B68F125E18ADA009AE8EB /* FlixUITests.xctest */;
			productType = "com.apple.product-type.bundle.ui-testing";
		};
/* End PBXNativeTarget section */

/* Begin PBXProject section */
		6A8B68C825E18AD8009AE8EB /* Project object */ = {
			isa = PBXProject;
			attributes = {
				LastSwiftUpdateCheck = 1240;
				LastUpgradeCheck = 1240;
				TargetAttributes = {
					6A8B68CF25E18AD8009AE8EB = {
						CreatedOnToolsVersion = 12.4;
					};
					6A8B68E525E18ADA009AE8EB = {
						CreatedOnToolsVersion = 12.4;
						TestTargetID = 6A8B68CF25E18AD8009AE8EB;
					};
					6A8B68F025E18ADA009AE8EB = {
						CreatedOnToolsVersion = 12.4;
						TestTargetID = 6A8B68CF25E18AD8009AE8EB;
					};
				};
			};
			buildConfigurationList = 6A8B68CB25E18AD8009AE8EB /* Build configuration list for PBXProject "Flix" */;
			compatibilityVersion = "Xcode 9.3";
			developmentRegion = en;
			hasScannedForEncodings = 0;
			knownRegions = (
				en,
				Base,
			);
			mainGroup = 6A8B68C725E18AD8009AE8EB;
			productRefGroup = 6A8B68D125E18AD8009AE8EB /* Products */;
			projectDirPath = "";
			projectRoot = "";
			targets = (
				6A8B68CF25E18AD8009AE8EB /* Flix */,
				6A8B68E525E18ADA009AE8EB /* FlixTests */,
				6A8B68F025E18ADA009AE8EB /* FlixUITests */,
			);
		};
/* End PBXProject section */

/* Begin PBXResourcesBuildPhase section */
		6A8B68CE25E18AD8009AE8EB /* Resources */ = {
			isa = PBXResourcesBuildPhase;
			buildActionMask = 2147483647;
			files = (
				6A8B68E025E18ADA009AE8EB /* LaunchScreen.storyboard in Resources */,
				6A8B68DD25E18ADA009AE8EB /* Assets.xcassets in Resources */,
				6A8B68DB25E18AD8009AE8EB /* Main.storyboard in Resources */,
			);
			runOnlyForDeploymentPostprocessing = 0;
		};
		6A8B68E425E18ADA009AE8EB /* Resources */ = {
			isa = PBXResourcesBuildPhase;
			buildActionMask = 2147483647;
			files = (
			);
			runOnlyForDeploymentPostprocessing = 0;
		};
		6A8B68EF25E18ADA009AE8EB /* Resources */ = {
			isa = PBXResourcesBuildPhase;
			buildActionMask = 2147483647;
			files = (
			);
			runOnlyForDeploymentPostprocessing = 0;
		};
/* End PBXResourcesBuildPhase section */

/* Begin PBXShellScriptBuildPhase section */
		44D730B12EE0AEE4038411E1 /* [CP] Check Pods Manifest.lock */ = {
			isa = PBXShellScriptBuildPhase;
			buildActionMask = 2147483647;
			files = (
			);
			inputFileListPaths = (
			);
			inputPaths = (
				"${PODS_PODFILE_DIR_PATH}/Podfile.lock",
				"${PODS_ROOT}/Manifest.lock",
			);
			name = "[CP] Check Pods Manifest.lock";
			outputFileListPaths = (
			);
			outputPaths = (
				"$(DERIVED_FILE_DIR)/Pods-Flix-FlixUITests-checkManifestLockResult.txt",
			);
			runOnlyForDeploymentPostprocessing = 0;
			shellPath = /bin/sh;
			shellScript = "diff \"${PODS_PODFILE_DIR_PATH}/Podfile.lock\" \"${PODS_ROOT}/Manifest.lock\" > /dev/null\nif [ $? != 0 ] ; then\n    # print error to STDERR\n    echo \"error: The sandbox is not in sync with the Podfile.lock. Run 'pod install' or update your CocoaPods installation.\" >&2\n    exit 1\nfi\n# This output is used by Xcode 'outputs' to avoid re-running this script phase.\necho \"SUCCESS\" > \"${SCRIPT_OUTPUT_FILE_0}\"\n";
			showEnvVarsInLog = 0;
		};
		5ECAAA2F9E3AEC4A1E7E57D9 /* [CP] Embed Pods Frameworks */ = {
			isa = PBXShellScriptBuildPhase;
			buildActionMask = 2147483647;
			files = (
			);
			inputFileListPaths = (
				"${PODS_ROOT}/Target Support Files/Pods-Flix/Pods-Flix-frameworks-${CONFIGURATION}-input-files.xcfilelist",
			);
			name = "[CP] Embed Pods Frameworks";
			outputFileListPaths = (
				"${PODS_ROOT}/Target Support Files/Pods-Flix/Pods-Flix-frameworks-${CONFIGURATION}-output-files.xcfilelist",
			);
			runOnlyForDeploymentPostprocessing = 0;
			shellPath = /bin/sh;
			shellScript = "\"${PODS_ROOT}/Target Support Files/Pods-Flix/Pods-Flix-frameworks.sh\"\n";
			showEnvVarsInLog = 0;
		};
		6AD90938C22674687E0150DA /* [CP] Embed Pods Frameworks */ = {
			isa = PBXShellScriptBuildPhase;
			buildActionMask = 2147483647;
			files = (
			);
			inputFileListPaths = (
				"${PODS_ROOT}/Target Support Files/Pods-Flix-FlixUITests/Pods-Flix-FlixUITests-frameworks-${CONFIGURATION}-input-files.xcfilelist",
			);
			name = "[CP] Embed Pods Frameworks";
			outputFileListPaths = (
				"${PODS_ROOT}/Target Support Files/Pods-Flix-FlixUITests/Pods-Flix-FlixUITests-frameworks-${CONFIGURATION}-output-files.xcfilelist",
			);
			runOnlyForDeploymentPostprocessing = 0;
			shellPath = /bin/sh;
			shellScript = "\"${PODS_ROOT}/Target Support Files/Pods-Flix-FlixUITests/Pods-Flix-FlixUITests-frameworks.sh\"\n";
			showEnvVarsInLog = 0;
		};
		7BA0B94689A02BBB11480CBD /* [CP] Check Pods Manifest.lock */ = {
			isa = PBXShellScriptBuildPhase;
			buildActionMask = 2147483647;
			files = (
			);
			inputFileListPaths = (
			);
			inputPaths = (
				"${PODS_PODFILE_DIR_PATH}/Podfile.lock",
				"${PODS_ROOT}/Manifest.lock",
			);
			name = "[CP] Check Pods Manifest.lock";
			outputFileListPaths = (
			);
			outputPaths = (
				"$(DERIVED_FILE_DIR)/Pods-Flix-checkManifestLockResult.txt",
			);
			runOnlyForDeploymentPostprocessing = 0;
			shellPath = /bin/sh;
			shellScript = "diff \"${PODS_PODFILE_DIR_PATH}/Podfile.lock\" \"${PODS_ROOT}/Manifest.lock\" > /dev/null\nif [ $? != 0 ] ; then\n    # print error to STDERR\n    echo \"error: The sandbox is not in sync with the Podfile.lock. Run 'pod install' or update your CocoaPods installation.\" >&2\n    exit 1\nfi\n# This output is used by Xcode 'outputs' to avoid re-running this script phase.\necho \"SUCCESS\" > \"${SCRIPT_OUTPUT_FILE_0}\"\n";
			showEnvVarsInLog = 0;
		};
		F1D7F3D0FF0A954CB41E3AA1 /* [CP] Check Pods Manifest.lock */ = {
			isa = PBXShellScriptBuildPhase;
			buildActionMask = 2147483647;
			files = (
			);
			inputFileListPaths = (
			);
			inputPaths = (
				"${PODS_PODFILE_DIR_PATH}/Podfile.lock",
				"${PODS_ROOT}/Manifest.lock",
			);
			name = "[CP] Check Pods Manifest.lock";
			outputFileListPaths = (
			);
			outputPaths = (
				"$(DERIVED_FILE_DIR)/Pods-FlixTests-checkManifestLockResult.txt",
			);
			runOnlyForDeploymentPostprocessing = 0;
			shellPath = /bin/sh;
			shellScript = "diff \"${PODS_PODFILE_DIR_PATH}/Podfile.lock\" \"${PODS_ROOT}/Manifest.lock\" > /dev/null\nif [ $? != 0 ] ; then\n    # print error to STDERR\n    echo \"error: The sandbox is not in sync with the Podfile.lock. Run 'pod install' or update your CocoaPods installation.\" >&2\n    exit 1\nfi\n# This output is used by Xcode 'outputs' to avoid re-running this script phase.\necho \"SUCCESS\" > \"${SCRIPT_OUTPUT_FILE_0}\"\n";
			showEnvVarsInLog = 0;
		};
/* End PBXShellScriptBuildPhase section */

/* Begin PBXSourcesBuildPhase section */
		6A8B68CC25E18AD8009AE8EB /* Sources */ = {
			isa = PBXSourcesBuildPhase;
			buildActionMask = 2147483647;
			files = (
				6A0A6E2A25EA1DED004B122E /* MovieDetailsViewController.swift in Sources */,
				6A8B68D425E18AD8009AE8EB /* AppDelegate.swift in Sources */,
				6A8B68D625E18AD8009AE8EB /* SceneDelegate.swift in Sources */,
				6A8B690F25E1A57E009AE8EB /* MovieCell.swift in Sources */,
				6A8B690725E18B1B009AE8EB /* MoviesViewController.swift in Sources */,
			);
			runOnlyForDeploymentPostprocessing = 0;
		};
		6A8B68E225E18ADA009AE8EB /* Sources */ = {
			isa = PBXSourcesBuildPhase;
			buildActionMask = 2147483647;
			files = (
				6A8B68EB25E18ADA009AE8EB /* FlixTests.swift in Sources */,
			);
			runOnlyForDeploymentPostprocessing = 0;
		};
		6A8B68ED25E18ADA009AE8EB /* Sources */ = {
			isa = PBXSourcesBuildPhase;
			buildActionMask = 2147483647;
			files = (
				6A8B68F625E18ADA009AE8EB /* FlixUITests.swift in Sources */,
			);
			runOnlyForDeploymentPostprocessing = 0;
		};
/* End PBXSourcesBuildPhase section */

/* Begin PBXTargetDependency section */
		6A8B68E825E18ADA009AE8EB /* PBXTargetDependency */ = {
			isa = PBXTargetDependency;
			target = 6A8B68CF25E18AD8009AE8EB /* Flix */;
			targetProxy = 6A8B68E725E18ADA009AE8EB /* PBXContainerItemProxy */;
		};
		6A8B68F325E18ADA009AE8EB /* PBXTargetDependency */ = {
			isa = PBXTargetDependency;
			target = 6A8B68CF25E18AD8009AE8EB /* Flix */;
			targetProxy = 6A8B68F225E18ADA009AE8EB /* PBXContainerItemProxy */;
		};
/* End PBXTargetDependency section */

/* Begin PBXVariantGroup section */
		6A8B68D925E18AD8009AE8EB /* Main.storyboard */ = {
			isa = PBXVariantGroup;
			children = (
				6A8B68DA25E18AD8009AE8EB /* Base */,
			);
			name = Main.storyboard;
			sourceTree = "<group>";
		};
		6A8B68DE25E18ADA009AE8EB /* LaunchScreen.storyboard */ = {
			isa = PBXVariantGroup;
			children = (
				6A8B68DF25E18ADA009AE8EB /* Base */,
			);
			name = LaunchScreen.storyboard;
			sourceTree = "<group>";
		};
/* End PBXVariantGroup section */

/* Begin XCBuildConfiguration section */
		6A8B68F825E18ADA009AE8EB /* Debug */ = {
			isa = XCBuildConfiguration;
			buildSettings = {
				ALWAYS_SEARCH_USER_PATHS = NO;
				CLANG_ANALYZER_NONNULL = YES;
				CLANG_ANALYZER_NUMBER_OBJECT_CONVERSION = YES_AGGRESSIVE;
				CLANG_CXX_LANGUAGE_STANDARD = "gnu++14";
				CLANG_CXX_LIBRARY = "libc++";
				CLANG_ENABLE_MODULES = YES;
				CLANG_ENABLE_OBJC_ARC = YES;
				CLANG_ENABLE_OBJC_WEAK = YES;
				CLANG_WARN_BLOCK_CAPTURE_AUTORELEASING = YES;
				CLANG_WARN_BOOL_CONVERSION = YES;
				CLANG_WARN_COMMA = YES;
				CLANG_WARN_CONSTANT_CONVERSION = YES;
				CLANG_WARN_DEPRECATED_OBJC_IMPLEMENTATIONS = YES;
				CLANG_WARN_DIRECT_OBJC_ISA_USAGE = YES_ERROR;
				CLANG_WARN_DOCUMENTATION_COMMENTS = YES;
				CLANG_WARN_EMPTY_BODY = YES;
				CLANG_WARN_ENUM_CONVERSION = YES;
				CLANG_WARN_INFINITE_RECURSION = YES;
				CLANG_WARN_INT_CONVERSION = YES;
				CLANG_WARN_NON_LITERAL_NULL_CONVERSION = YES;
				CLANG_WARN_OBJC_IMPLICIT_RETAIN_SELF = YES;
				CLANG_WARN_OBJC_LITERAL_CONVERSION = YES;
				CLANG_WARN_OBJC_ROOT_CLASS = YES_ERROR;
				CLANG_WARN_QUOTED_INCLUDE_IN_FRAMEWORK_HEADER = YES;
				CLANG_WARN_RANGE_LOOP_ANALYSIS = YES;
				CLANG_WARN_STRICT_PROTOTYPES = YES;
				CLANG_WARN_SUSPICIOUS_MOVE = YES;
				CLANG_WARN_UNGUARDED_AVAILABILITY = YES_AGGRESSIVE;
				CLANG_WARN_UNREACHABLE_CODE = YES;
				CLANG_WARN__DUPLICATE_METHOD_MATCH = YES;
				COPY_PHASE_STRIP = NO;
				DEBUG_INFORMATION_FORMAT = dwarf;
				ENABLE_STRICT_OBJC_MSGSEND = YES;
				ENABLE_TESTABILITY = YES;
				GCC_C_LANGUAGE_STANDARD = gnu11;
				GCC_DYNAMIC_NO_PIC = NO;
				GCC_NO_COMMON_BLOCKS = YES;
				GCC_OPTIMIZATION_LEVEL = 0;
				GCC_PREPROCESSOR_DEFINITIONS = (
					"DEBUG=1",
					"$(inherited)",
				);
				GCC_WARN_64_TO_32_BIT_CONVERSION = YES;
				GCC_WARN_ABOUT_RETURN_TYPE = YES_ERROR;
				GCC_WARN_UNDECLARED_SELECTOR = YES;
				GCC_WARN_UNINITIALIZED_AUTOS = YES_AGGRESSIVE;
				GCC_WARN_UNUSED_FUNCTION = YES;
				GCC_WARN_UNUSED_VARIABLE = YES;
				IPHONEOS_DEPLOYMENT_TARGET = 14.4;
				MTL_ENABLE_DEBUG_INFO = INCLUDE_SOURCE;
				MTL_FAST_MATH = YES;
				ONLY_ACTIVE_ARCH = YES;
				SDKROOT = iphoneos;
				SWIFT_ACTIVE_COMPILATION_CONDITIONS = DEBUG;
				SWIFT_OPTIMIZATION_LEVEL = "-Onone";
			};
			name = Debug;
		};
		6A8B68F925E18ADA009AE8EB /* Release */ = {
			isa = XCBuildConfiguration;
			buildSettings = {
				ALWAYS_SEARCH_USER_PATHS = NO;
				CLANG_ANALYZER_NONNULL = YES;
				CLANG_ANALYZER_NUMBER_OBJECT_CONVERSION = YES_AGGRESSIVE;
				CLANG_CXX_LANGUAGE_STANDARD = "gnu++14";
				CLANG_CXX_LIBRARY = "libc++";
				CLANG_ENABLE_MODULES = YES;
				CLANG_ENABLE_OBJC_ARC = YES;
				CLANG_ENABLE_OBJC_WEAK = YES;
				CLANG_WARN_BLOCK_CAPTURE_AUTORELEASING = YES;
				CLANG_WARN_BOOL_CONVERSION = YES;
				CLANG_WARN_COMMA = YES;
				CLANG_WARN_CONSTANT_CONVERSION = YES;
				CLANG_WARN_DEPRECATED_OBJC_IMPLEMENTATIONS = YES;
				CLANG_WARN_DIRECT_OBJC_ISA_USAGE = YES_ERROR;
				CLANG_WARN_DOCUMENTATION_COMMENTS = YES;
				CLANG_WARN_EMPTY_BODY = YES;
				CLANG_WARN_ENUM_CONVERSION = YES;
				CLANG_WARN_INFINITE_RECURSION = YES;
				CLANG_WARN_INT_CONVERSION = YES;
				CLANG_WARN_NON_LITERAL_NULL_CONVERSION = YES;
				CLANG_WARN_OBJC_IMPLICIT_RETAIN_SELF = YES;
				CLANG_WARN_OBJC_LITERAL_CONVERSION = YES;
				CLANG_WARN_OBJC_ROOT_CLASS = YES_ERROR;
				CLANG_WARN_QUOTED_INCLUDE_IN_FRAMEWORK_HEADER = YES;
				CLANG_WARN_RANGE_LOOP_ANALYSIS = YES;
				CLANG_WARN_STRICT_PROTOTYPES = YES;
				CLANG_WARN_SUSPICIOUS_MOVE = YES;
				CLANG_WARN_UNGUARDED_AVAILABILITY = YES_AGGRESSIVE;
				CLANG_WARN_UNREACHABLE_CODE = YES;
				CLANG_WARN__DUPLICATE_METHOD_MATCH = YES;
				COPY_PHASE_STRIP = NO;
				DEBUG_INFORMATION_FORMAT = "dwarf-with-dsym";
				ENABLE_NS_ASSERTIONS = NO;
				ENABLE_STRICT_OBJC_MSGSEND = YES;
				GCC_C_LANGUAGE_STANDARD = gnu11;
				GCC_NO_COMMON_BLOCKS = YES;
				GCC_WARN_64_TO_32_BIT_CONVERSION = YES;
				GCC_WARN_ABOUT_RETURN_TYPE = YES_ERROR;
				GCC_WARN_UNDECLARED_SELECTOR = YES;
				GCC_WARN_UNINITIALIZED_AUTOS = YES_AGGRESSIVE;
				GCC_WARN_UNUSED_FUNCTION = YES;
				GCC_WARN_UNUSED_VARIABLE = YES;
				IPHONEOS_DEPLOYMENT_TARGET = 14.4;
				MTL_ENABLE_DEBUG_INFO = NO;
				MTL_FAST_MATH = YES;
				SDKROOT = iphoneos;
				SWIFT_COMPILATION_MODE = wholemodule;
				SWIFT_OPTIMIZATION_LEVEL = "-O";
				VALIDATE_PRODUCT = YES;
			};
			name = Release;
		};
		6A8B68FB25E18ADA009AE8EB /* Debug */ = {
			isa = XCBuildConfiguration;
			baseConfigurationReference = 354477FA2592958C92695D1D /* Pods-Flix.debug.xcconfig */;
			buildSettings = {
				ASSETCATALOG_COMPILER_APPICON_NAME = AppIcon;
				ASSETCATALOG_COMPILER_GLOBAL_ACCENT_COLOR_NAME = AccentColor;
				CODE_SIGN_STYLE = Automatic;
				DEVELOPMENT_TEAM = GGH6QKLB73;
				INFOPLIST_FILE = Flix/Info.plist;
				LD_RUNPATH_SEARCH_PATHS = (
					"$(inherited)",
					"@executable_path/Frameworks",
				);
				PRODUCT_BUNDLE_IDENTIFIER = "selinafu8888-gmail.com.Flix";
				PRODUCT_NAME = "$(TARGET_NAME)";
				SWIFT_VERSION = 5.0;
				TARGETED_DEVICE_FAMILY = "1,2";
			};
			name = Debug;
		};
		6A8B68FC25E18ADA009AE8EB /* Release */ = {
			isa = XCBuildConfiguration;
			baseConfigurationReference = 9AC9BB79077159735B358072 /* Pods-Flix.release.xcconfig */;
			buildSettings = {
				ASSETCATALOG_COMPILER_APPICON_NAME = AppIcon;
				ASSETCATALOG_COMPILER_GLOBAL_ACCENT_COLOR_NAME = AccentColor;
				CODE_SIGN_STYLE = Automatic;
				DEVELOPMENT_TEAM = GGH6QKLB73;
				INFOPLIST_FILE = Flix/Info.plist;
				LD_RUNPATH_SEARCH_PATHS = (
					"$(inherited)",
					"@executable_path/Frameworks",
				);
				PRODUCT_BUNDLE_IDENTIFIER = "selinafu8888-gmail.com.Flix";
				PRODUCT_NAME = "$(TARGET_NAME)";
				SWIFT_VERSION = 5.0;
				TARGETED_DEVICE_FAMILY = "1,2";
			};
			name = Release;
		};
		6A8B68FE25E18ADA009AE8EB /* Debug */ = {
			isa = XCBuildConfiguration;
			baseConfigurationReference = 750C6EF8710156AE24CDFB22 /* Pods-FlixTests.debug.xcconfig */;
			buildSettings = {
				ALWAYS_EMBED_SWIFT_STANDARD_LIBRARIES = YES;
				BUNDLE_LOADER = "$(TEST_HOST)";
				CODE_SIGN_STYLE = Automatic;
				INFOPLIST_FILE = FlixTests/Info.plist;
				IPHONEOS_DEPLOYMENT_TARGET = 14.4;
				LD_RUNPATH_SEARCH_PATHS = (
					"$(inherited)",
					"@executable_path/Frameworks",
					"@loader_path/Frameworks",
				);
				PRODUCT_BUNDLE_IDENTIFIER = "selinafu8888-gmail.com.FlixTests";
				PRODUCT_NAME = "$(TARGET_NAME)";
				SWIFT_VERSION = 5.0;
				TARGETED_DEVICE_FAMILY = "1,2";
				TEST_HOST = "$(BUILT_PRODUCTS_DIR)/Flix.app/Flix";
			};
			name = Debug;
		};
		6A8B68FF25E18ADA009AE8EB /* Release */ = {
			isa = XCBuildConfiguration;
			baseConfigurationReference = 8F8612C590B9DDBB9E1B7489 /* Pods-FlixTests.release.xcconfig */;
			buildSettings = {
				ALWAYS_EMBED_SWIFT_STANDARD_LIBRARIES = YES;
				BUNDLE_LOADER = "$(TEST_HOST)";
				CODE_SIGN_STYLE = Automatic;
				INFOPLIST_FILE = FlixTests/Info.plist;
				IPHONEOS_DEPLOYMENT_TARGET = 14.4;
				LD_RUNPATH_SEARCH_PATHS = (
					"$(inherited)",
					"@executable_path/Frameworks",
					"@loader_path/Frameworks",
				);
				PRODUCT_BUNDLE_IDENTIFIER = "selinafu8888-gmail.com.FlixTests";
				PRODUCT_NAME = "$(TARGET_NAME)";
				SWIFT_VERSION = 5.0;
				TARGETED_DEVICE_FAMILY = "1,2";
				TEST_HOST = "$(BUILT_PRODUCTS_DIR)/Flix.app/Flix";
			};
			name = Release;
		};
		6A8B690125E18ADA009AE8EB /* Debug */ = {
			isa = XCBuildConfiguration;
			baseConfigurationReference = E1E06BA44759E1D0F8B67C08 /* Pods-Flix-FlixUITests.debug.xcconfig */;
			buildSettings = {
				ALWAYS_EMBED_SWIFT_STANDARD_LIBRARIES = YES;
				CODE_SIGN_STYLE = Automatic;
				INFOPLIST_FILE = FlixUITests/Info.plist;
				LD_RUNPATH_SEARCH_PATHS = (
					"$(inherited)",
					"@executable_path/Frameworks",
					"@loader_path/Frameworks",
				);
				PRODUCT_BUNDLE_IDENTIFIER = "selinafu8888-gmail.com.FlixUITests";
				PRODUCT_NAME = "$(TARGET_NAME)";
				SWIFT_VERSION = 5.0;
				TARGETED_DEVICE_FAMILY = "1,2";
				TEST_TARGET_NAME = Flix;
			};
			name = Debug;
		};
		6A8B690225E18ADA009AE8EB /* Release */ = {
			isa = XCBuildConfiguration;
			baseConfigurationReference = D38F2A3CE632ED4A281ED116 /* Pods-Flix-FlixUITests.release.xcconfig */;
			buildSettings = {
				ALWAYS_EMBED_SWIFT_STANDARD_LIBRARIES = YES;
				CODE_SIGN_STYLE = Automatic;
				INFOPLIST_FILE = FlixUITests/Info.plist;
				LD_RUNPATH_SEARCH_PATHS = (
					"$(inherited)",
					"@executable_path/Frameworks",
					"@loader_path/Frameworks",
				);
				PRODUCT_BUNDLE_IDENTIFIER = "selinafu8888-gmail.com.FlixUITests";
				PRODUCT_NAME = "$(TARGET_NAME)";
				SWIFT_VERSION = 5.0;
				TARGETED_DEVICE_FAMILY = "1,2";
				TEST_TARGET_NAME = Flix;
			};
			name = Release;
		};
/* End XCBuildConfiguration section */

/* Begin XCConfigurationList section */
		6A8B68CB25E18AD8009AE8EB /* Build configuration list for PBXProject "Flix" */ = {
			isa = XCConfigurationList;
			buildConfigurations = (
				6A8B68F825E18ADA009AE8EB /* Debug */,
				6A8B68F925E18ADA009AE8EB /* Release */,
			);
			defaultConfigurationIsVisible = 0;
			defaultConfigurationName = Release;
		};
		6A8B68FA25E18ADA009AE8EB /* Build configuration list for PBXNativeTarget "Flix" */ = {
			isa = XCConfigurationList;
			buildConfigurations = (
				6A8B68FB25E18ADA009AE8EB /* Debug */,
				6A8B68FC25E18ADA009AE8EB /* Release */,
			);
			defaultConfigurationIsVisible = 0;
			defaultConfigurationName = Release;
		};
		6A8B68FD25E18ADA009AE8EB /* Build configuration list for PBXNativeTarget "FlixTests" */ = {
			isa = XCConfigurationList;
			buildConfigurations = (
				6A8B68FE25E18ADA009AE8EB /* Debug */,
				6A8B68FF25E18ADA009AE8EB /* Release */,
			);
			defaultConfigurationIsVisible = 0;
			defaultConfigurationName = Release;
		};
		6A8B690025E18ADA009AE8EB /* Build configuration list for PBXNativeTarget "FlixUITests" */ = {
			isa = XCConfigurationList;
			buildConfigurations = (
				6A8B690125E18ADA009AE8EB /* Debug */,
				6A8B690225E18ADA009AE8EB /* Release */,
			);
			defaultConfigurationIsVisible = 0;
			defaultConfigurationName = Release;
		};
/* End XCConfigurationList section */
	};
	rootObject = 6A8B68C825E18AD8009AE8EB /* Project object */;
}
